
Microsoft Visual Studio Solution File, Format Version 12.00
# Visual Studio Version 17
VisualStudioVersion = 17.4.33403.182
MinimumVisualStudioVersion = 10.0.40219.1
Project("{FAE04EC0-301F-11D3-BF4B-00C04F79EFBC}") = "AnalogWatch", "AnalogWatch.csproj", "{752D054A-CFED-4399-8EC6-FEFAE08B87C2}"
EndProject
Global
	GlobalSection(SolutionConfigurationPlatforms) = preSolution
		Debug|Any CPU = Debug|Any CPU
		Release|Any CPU = Release|Any CPU
	EndGlobalSection
	GlobalSection(ProjectConfigurationPlatforms) = postSolution
		{752D054A-CFED-4399-8EC6-FEFAE08B87C2}.Debug|Any CPU.ActiveCfg = Debug|Any CPU
		{752D054A-CFED-4399-8EC6-FEFAE08B87C2}.Debug|Any CPU.Build.0 = Debug|Any CPU
		{752D054A-CFED-4399-8EC6-FEFAE08B87C2}.Release|Any CPU.ActiveCfg = Release|Any CPU
		{752D054A-CFED-4399-8EC6-FEFAE08B87C2}.Release|Any CPU.Build.0 = Release|Any CPU
	EndGlobalSection
	GlobalSection(SolutionProperties) = preSolution
		HideSolutionNode = FALSE
	EndGlobalSection
	GlobalSection(ExtensibilityGlobals) = postSolution
		SolutionGuid = {A256E29E-4882-491B-A8C1-BD25172FB8A0}
	EndGlobalSection
EndGlobal
